
Microsoft Visual Studio Solution File, Format Version 12.00
# Visual Studio Version 17
VisualStudioVersion = 17.0.32126.317
MinimumVisualStudioVersion = 10.0.40219.1
Project("{FAE04EC0-301F-11D3-BF4B-00C04F79EFBC}") = "ASP.NET_QuanTraSua", "ASP.NET_QuanTraSua.csproj", "{0C24F863-0ACE-41A2-BA13-CE853235594B}"
EndProject
Global
	GlobalSection(SolutionConfigurationPlatforms) = preSolution
		Debug|Any CPU = Debug|Any CPU
		Release|Any CPU = Release|Any CPU
	EndGlobalSection
	GlobalSection(ProjectConfigurationPlatforms) = postSolution
		{0C24F863-0ACE-41A2-BA13-CE853235594B}.Debug|Any CPU.ActiveCfg = Debug|Any CPU
		{0C24F863-0ACE-41A2-BA13-CE853235594B}.Debug|Any CPU.Build.0 = Debug|Any CPU
		{0C24F863-0ACE-41A2-BA13-CE853235594B}.Release|Any CPU.ActiveCfg = Release|Any CPU
		{0C24F863-0ACE-41A2-BA13-CE853235594B}.Release|Any CPU.Build.0 = Release|Any CPU
	EndGlobalSection
	GlobalSection(SolutionProperties) = preSolution
		HideSolutionNode = FALSE
	EndGlobalSection
	GlobalSection(ExtensibilityGlobals) = postSolution
		SolutionGuid = {8F2470D7-A3CE-4C5F-8A8C-DDB025CD54CD}
	EndGlobalSection
EndGlobal
